
Microsoft Visual Studio Solution File, Format Version 12.00
# Visual Studio Version 17
VisualStudioVersion = 17.6.33801.468
MinimumVisualStudioVersion = 10.0.40219.1
Project("{FAE04EC0-301F-11D3-BF4B-00C04F79EFBC}") = "WebApiSistemaGestion", "WebApiSistemaGestion.csproj", "{EB422A4B-FABB-4B36-9CC4-209115DD83D3}"
EndProject
Global
	GlobalSection(SolutionConfigurationPlatforms) = preSolution
		Debug|Any CPU = Debug|Any CPU
		Release|Any CPU = Release|Any CPU
	EndGlobalSection
	GlobalSection(ProjectConfigurationPlatforms) = postSolution
		{EB422A4B-FABB-4B36-9CC4-209115DD83D3}.Debug|Any CPU.ActiveCfg = Debug|Any CPU
		{EB422A4B-FABB-4B36-9CC4-209115DD83D3}.Debug|Any CPU.Build.0 = Debug|Any CPU
		{EB422A4B-FABB-4B36-9CC4-209115DD83D3}.Release|Any CPU.ActiveCfg = Release|Any CPU
		{EB422A4B-FABB-4B36-9CC4-209115DD83D3}.Release|Any CPU.Build.0 = Release|Any CPU
	EndGlobalSection
	GlobalSection(SolutionProperties) = preSolution
		HideSolutionNode = FALSE
	EndGlobalSection
	GlobalSection(ExtensibilityGlobals) = postSolution
		SolutionGuid = {7129288C-B246-4B78-9903-71530518F9A9}
	EndGlobalSection
EndGlobal
